// !$*UTF8*$!
{
	archiveVersion = 1;
	classes = {
	};
	objectVersion = 56;
	objects = {

/* Begin PBXBuildFile section */
		4C43B0CE296F0BEE003FE504 /* WordCard.swift in Sources */ = {isa = PBXBuildFile; fileRef = 4C43B0CD296F0BEE003FE504 /* WordCard.swift */; };
		4C43B0D3296F0D0F003FE504 /* SwipeCarousel.swift in Sources */ = {isa = PBXBuildFile; fileRef = 4C43B0D2296F0D0F003FE504 /* SwipeCarousel.swift */; };
		AA50B160296F1B7700E85284 /* CardView.swift in Sources */ = {isa = PBXBuildFile; fileRef = AA50B15F296F1B7700E85284 /* CardView.swift */; };
		AAA904C0296F216E00D8B070 /* CompactWordView.swift in Sources */ = {isa = PBXBuildFile; fileRef = AAA904BF296F216E00D8B070 /* CompactWordView.swift */; };
		AAEECBB92970601600D06A39 /* PhaseInformView.swift in Sources */ = {isa = PBXBuildFile; fileRef = AAEECBB82970601600D06A39 /* PhaseInformView.swift */; };
		AC493D9D296EA531001B8538 /* IdeaBankApp.swift in Sources */ = {isa = PBXBuildFile; fileRef = AC493D9C296EA531001B8538 /* IdeaBankApp.swift */; };
		AC493D9F296EA531001B8538 /* ContentView.swift in Sources */ = {isa = PBXBuildFile; fileRef = AC493D9E296EA531001B8538 /* ContentView.swift */; };
		AC493DA1296EA532001B8538 /* Assets.xcassets in Resources */ = {isa = PBXBuildFile; fileRef = AC493DA0296EA532001B8538 /* Assets.xcassets */; };
		AC493DA4296EA532001B8538 /* Preview Assets.xcassets in Resources */ = {isa = PBXBuildFile; fileRef = AC493DA3296EA532001B8538 /* Preview Assets.xcassets */; };
		AC870948296F20EC00E5EA23 /* PhaseTwoMainView.swift in Sources */ = {isa = PBXBuildFile; fileRef = AC870947296F20EC00E5EA23 /* PhaseTwoMainView.swift */; };
/* End PBXBuildFile section */

/* Begin PBXFileReference section */
		4C43B0CD296F0BEE003FE504 /* WordCard.swift */ = {isa = PBXFileReference; lastKnownFileType = sourcecode.swift; path = WordCard.swift; sourceTree = "<group>"; };
		4C43B0D2296F0D0F003FE504 /* SwipeCarousel.swift */ = {isa = PBXFileReference; lastKnownFileType = sourcecode.swift; path = SwipeCarousel.swift; sourceTree = "<group>"; };
		AA50B15F296F1B7700E85284 /* CardView.swift */ = {isa = PBXFileReference; lastKnownFileType = sourcecode.swift; path = CardView.swift; sourceTree = "<group>"; };
		AAA904BF296F216E00D8B070 /* CompactWordView.swift */ = {isa = PBXFileReference; lastKnownFileType = sourcecode.swift; path = CompactWordView.swift; sourceTree = "<group>"; };
		AAEECBB82970601600D06A39 /* PhaseInformView.swift */ = {isa = PBXFileReference; lastKnownFileType = sourcecode.swift; path = PhaseInformView.swift; sourceTree = "<group>"; };
		AC493D99296EA531001B8538 /* IdeaBank.app */ = {isa = PBXFileReference; explicitFileType = wrapper.application; includeInIndex = 0; path = IdeaBank.app; sourceTree = BUILT_PRODUCTS_DIR; };
		AC493D9C296EA531001B8538 /* IdeaBankApp.swift */ = {isa = PBXFileReference; lastKnownFileType = sourcecode.swift; path = IdeaBankApp.swift; sourceTree = "<group>"; };
		AC493D9E296EA531001B8538 /* ContentView.swift */ = {isa = PBXFileReference; lastKnownFileType = sourcecode.swift; path = ContentView.swift; sourceTree = "<group>"; };
		AC493DA0296EA532001B8538 /* Assets.xcassets */ = {isa = PBXFileReference; lastKnownFileType = folder.assetcatalog; path = Assets.xcassets; sourceTree = "<group>"; };
		AC493DA3296EA532001B8538 /* Preview Assets.xcassets */ = {isa = PBXFileReference; lastKnownFileType = folder.assetcatalog; path = "Preview Assets.xcassets"; sourceTree = "<group>"; };
		AC870947296F20EC00E5EA23 /* PhaseTwoMainView.swift */ = {isa = PBXFileReference; lastKnownFileType = sourcecode.swift; path = PhaseTwoMainView.swift; sourceTree = "<group>"; };
/* End PBXFileReference section */

/* Begin PBXFrameworksBuildPhase section */
		AC493D96296EA531001B8538 /* Frameworks */ = {
			isa = PBXFrameworksBuildPhase;
			buildActionMask = 2147483647;
			files = (
			);
			runOnlyForDeploymentPostprocessing = 0;
		};
/* End PBXFrameworksBuildPhase section */

/* Begin PBXGroup section */
		4C43B0CC296F0BD7003FE504 /* Model */ = {
			isa = PBXGroup;
			children = (
				4C43B0CD296F0BEE003FE504 /* WordCard.swift */,
			);
			path = Model;
			sourceTree = "<group>";
		};
		4C43B0CF296F0C67003FE504 /* Views */ = {
			isa = PBXGroup;
			children = (
				AC870946296F20D300E5EA23 /* PhaseTwoViews */,
				4C43B0D2296F0D0F003FE504 /* SwipeCarousel.swift */,
			);
			path = Views;
			sourceTree = "<group>";
		};
		AC493D90296EA531001B8538 = {
			isa = PBXGroup;
			children = (
				AC493D9B296EA531001B8538 /* IdeaBank */,
				AC493D9A296EA531001B8538 /* Products */,
			);
			sourceTree = "<group>";
		};
		AC493D9A296EA531001B8538 /* Products */ = {
			isa = PBXGroup;
			children = (
				AC493D99296EA531001B8538 /* IdeaBank.app */,
			);
			name = Products;
			sourceTree = "<group>";
		};
		AC493D9B296EA531001B8538 /* IdeaBank */ = {
			isa = PBXGroup;
			children = (
				AC493D9C296EA531001B8538 /* IdeaBankApp.swift */,
				AC493D9E296EA531001B8538 /* ContentView.swift */,
				AA50B15F296F1B7700E85284 /* CardView.swift */,
				AAA904BF296F216E00D8B070 /* CompactWordView.swift */,
				AAEECBB82970601600D06A39 /* PhaseInformView.swift */,
				4C43B0CF296F0C67003FE504 /* Views */,
				4C43B0CC296F0BD7003FE504 /* Model */,
				AC493DA0296EA532001B8538 /* Assets.xcassets */,
				AC493DA2296EA532001B8538 /* Preview Content */,
			);
			path = IdeaBank;
			sourceTree = "<group>";
		};
		AC493DA2296EA532001B8538 /* Preview Content */ = {
			isa = PBXGroup;
			children = (
				AC493DA3296EA532001B8538 /* Preview Assets.xcassets */,
			);
			path = "Preview Content";
			sourceTree = "<group>";
		};
		AC870946296F20D300E5EA23 /* PhaseTwoViews */ = {
			isa = PBXGroup;
			children = (
				AC870947296F20EC00E5EA23 /* PhaseTwoMainView.swift */,
			);
			path = PhaseTwoViews;
			sourceTree = "<group>";
		};
/* End PBXGroup section */

/* Begin PBXNativeTarget section */
		AC493D98296EA531001B8538 /* IdeaBank */ = {
			isa = PBXNativeTarget;
			buildConfigurationList = AC493DA7296EA532001B8538 /* Build configuration list for PBXNativeTarget "IdeaBank" */;
			buildPhases = (
				AC493D95296EA531001B8538 /* Sources */,
				AC493D96296EA531001B8538 /* Frameworks */,
				AC493D97296EA531001B8538 /* Resources */,
				4C3F12ED297043AA009F5126 /* ShellScript */,
			);
			buildRules = (
			);
			dependencies = (
			);
			name = IdeaBank;
			productName = IdeaBank;
			productReference = AC493D99296EA531001B8538 /* IdeaBank.app */;
			productType = "com.apple.product-type.application";
		};
/* End PBXNativeTarget section */

/* Begin PBXProject section */
		AC493D91296EA531001B8538 /* Project object */ = {
			isa = PBXProject;
			attributes = {
				BuildIndependentTargetsInParallel = 1;
				LastSwiftUpdateCheck = 1420;
				LastUpgradeCheck = 1420;
				TargetAttributes = {
					AC493D98296EA531001B8538 = {
						CreatedOnToolsVersion = 14.2;
					};
				};
			};
			buildConfigurationList = AC493D94296EA531001B8538 /* Build configuration list for PBXProject "IdeaBank" */;
			compatibilityVersion = "Xcode 14.0";
			developmentRegion = en;
			hasScannedForEncodings = 0;
			knownRegions = (
				en,
				Base,
			);
			mainGroup = AC493D90296EA531001B8538;
			productRefGroup = AC493D9A296EA531001B8538 /* Products */;
			projectDirPath = "";
			projectRoot = "";
			targets = (
				AC493D98296EA531001B8538 /* IdeaBank */,
			);
		};
/* End PBXProject section */

/* Begin PBXResourcesBuildPhase section */
		AC493D97296EA531001B8538 /* Resources */ = {
			isa = PBXResourcesBuildPhase;
			buildActionMask = 2147483647;
			files = (
				AC493DA4296EA532001B8538 /* Preview Assets.xcassets in Resources */,
				AC493DA1296EA532001B8538 /* Assets.xcassets in Resources */,
			);
			runOnlyForDeploymentPostprocessing = 0;
		};
/* End PBXResourcesBuildPhase section */

/* Begin PBXShellScriptBuildPhase section */
		4C3F12ED297043AA009F5126 /* ShellScript */ = {
			isa = PBXShellScriptBuildPhase;
			alwaysOutOfDate = 1;
			buildActionMask = 2147483647;
			files = (
			);
			inputFileListPaths = (
			);
			inputPaths = (
			);
			outputFileListPaths = (
			);
			outputPaths = (
			);
			runOnlyForDeploymentPostprocessing = 0;
			shellPath = /bin/sh;
			shellScript = "export PATH=\"$PATH:/opt/homebrew/bin\"\nif which swiftlint > /dev/null; then\n  swiftlint\nelse\n  echo \"warning: SwiftLint not installed, download from https://github.com/realm/SwiftLint\"\nfi \n";
		};
/* End PBXShellScriptBuildPhase section */

/* Begin PBXSourcesBuildPhase section */
		AC493D95296EA531001B8538 /* Sources */ = {
			isa = PBXSourcesBuildPhase;
			buildActionMask = 2147483647;
			files = (
				AAA904C0296F216E00D8B070 /* CompactWordView.swift in Sources */,
				4C43B0D3296F0D0F003FE504 /* SwipeCarousel.swift in Sources */,
				4C43B0CE296F0BEE003FE504 /* WordCard.swift in Sources */,
				AC493D9F296EA531001B8538 /* ContentView.swift in Sources */,
				AC493D9D296EA531001B8538 /* IdeaBankApp.swift in Sources */,
				AC870948296F20EC00E5EA23 /* PhaseTwoMainView.swift in Sources */,
				AA50B160296F1B7700E85284 /* CardView.swift in Sources */,
				AAEECBB92970601600D06A39 /* PhaseInformView.swift in Sources */,
			);
			runOnlyForDeploymentPostprocessing = 0;
		};
/* End PBXSourcesBuildPhase section */

/* Begin XCBuildConfiguration section */
		AC493DA5296EA532001B8538 /* Debug */ = {
			isa = XCBuildConfiguration;
			buildSettings = {
				ALWAYS_SEARCH_USER_PATHS = NO;
				CLANG_ANALYZER_NONNULL = YES;
				CLANG_ANALYZER_NUMBER_OBJECT_CONVERSION = YES_AGGRESSIVE;
				CLANG_CXX_LANGUAGE_STANDARD = "gnu++20";
				CLANG_ENABLE_MODULES = YES;
				CLANG_ENABLE_OBJC_ARC = YES;
				CLANG_ENABLE_OBJC_WEAK = YES;
				CLANG_WARN_BLOCK_CAPTURE_AUTORELEASING = YES;
				CLANG_WARN_BOOL_CONVERSION = YES;
				CLANG_WARN_COMMA = YES;
				CLANG_WARN_CONSTANT_CONVERSION = YES;
				CLANG_WARN_DEPRECATED_OBJC_IMPLEMENTATIONS = YES;
				CLANG_WARN_DIRECT_OBJC_ISA_USAGE = YES_ERROR;
				CLANG_WARN_DOCUMENTATION_COMMENTS = YES;
				CLANG_WARN_EMPTY_BODY = YES;
				CLANG_WARN_ENUM_CONVERSION = YES;
				CLANG_WARN_INFINITE_RECURSION = YES;
				CLANG_WARN_INT_CONVERSION = YES;
				CLANG_WARN_NON_LITERAL_NULL_CONVERSION = YES;
				CLANG_WARN_OBJC_IMPLICIT_RETAIN_SELF = YES;
				CLANG_WARN_OBJC_LITERAL_CONVERSION = YES;
				CLANG_WARN_OBJC_ROOT_CLASS = YES_ERROR;
				CLANG_WARN_QUOTED_INCLUDE_IN_FRAMEWORK_HEADER = YES;
				CLANG_WARN_RANGE_LOOP_ANALYSIS = YES;
				CLANG_WARN_STRICT_PROTOTYPES = YES;
				CLANG_WARN_SUSPICIOUS_MOVE = YES;
				CLANG_WARN_UNGUARDED_AVAILABILITY = YES_AGGRESSIVE;
				CLANG_WARN_UNREACHABLE_CODE = YES;
				CLANG_WARN__DUPLICATE_METHOD_MATCH = YES;
				COPY_PHASE_STRIP = NO;
				DEBUG_INFORMATION_FORMAT = dwarf;
				ENABLE_STRICT_OBJC_MSGSEND = YES;
				ENABLE_TESTABILITY = YES;
				GCC_C_LANGUAGE_STANDARD = gnu11;
				GCC_DYNAMIC_NO_PIC = NO;
				GCC_NO_COMMON_BLOCKS = YES;
				GCC_OPTIMIZATION_LEVEL = 0;
				GCC_PREPROCESSOR_DEFINITIONS = (
					"DEBUG=1",
					"$(inherited)",
				);
				GCC_WARN_64_TO_32_BIT_CONVERSION = YES;
				GCC_WARN_ABOUT_RETURN_TYPE = YES_ERROR;
				GCC_WARN_UNDECLARED_SELECTOR = YES;
				GCC_WARN_UNINITIALIZED_AUTOS = YES_AGGRESSIVE;
				GCC_WARN_UNUSED_FUNCTION = YES;
				GCC_WARN_UNUSED_VARIABLE = YES;
				IPHONEOS_DEPLOYMENT_TARGET = 16.2;
				MTL_ENABLE_DEBUG_INFO = INCLUDE_SOURCE;
				MTL_FAST_MATH = YES;
				ONLY_ACTIVE_ARCH = YES;
				SDKROOT = iphoneos;
				SWIFT_ACTIVE_COMPILATION_CONDITIONS = DEBUG;
				SWIFT_OPTIMIZATION_LEVEL = "-Onone";
			};
			name = Debug;
		};
		AC493DA6296EA532001B8538 /* Release */ = {
			isa = XCBuildConfiguration;
			buildSettings = {
				ALWAYS_SEARCH_USER_PATHS = NO;
				CLANG_ANALYZER_NONNULL = YES;
				CLANG_ANALYZER_NUMBER_OBJECT_CONVERSION = YES_AGGRESSIVE;
				CLANG_CXX_LANGUAGE_STANDARD = "gnu++20";
				CLANG_ENABLE_MODULES = YES;
				CLANG_ENABLE_OBJC_ARC = YES;
				CLANG_ENABLE_OBJC_WEAK = YES;
				CLANG_WARN_BLOCK_CAPTURE_AUTORELEASING = YES;
				CLANG_WARN_BOOL_CONVERSION = YES;
				CLANG_WARN_COMMA = YES;
				CLANG_WARN_CONSTANT_CONVERSION = YES;
				CLANG_WARN_DEPRECATED_OBJC_IMPLEMENTATIONS = YES;
				CLANG_WARN_DIRECT_OBJC_ISA_USAGE = YES_ERROR;
				CLANG_WARN_DOCUMENTATION_COMMENTS = YES;
				CLANG_WARN_EMPTY_BODY = YES;
				CLANG_WARN_ENUM_CONVERSION = YES;
				CLANG_WARN_INFINITE_RECURSION = YES;
				CLANG_WARN_INT_CONVERSION = YES;
				CLANG_WARN_NON_LITERAL_NULL_CONVERSION = YES;
				CLANG_WARN_OBJC_IMPLICIT_RETAIN_SELF = YES;
				CLANG_WARN_OBJC_LITERAL_CONVERSION = YES;
				CLANG_WARN_OBJC_ROOT_CLASS = YES_ERROR;
				CLANG_WARN_QUOTED_INCLUDE_IN_FRAMEWORK_HEADER = YES;
				CLANG_WARN_RANGE_LOOP_ANALYSIS = YES;
				CLANG_WARN_STRICT_PROTOTYPES = YES;
				CLANG_WARN_SUSPICIOUS_MOVE = YES;
				CLANG_WARN_UNGUARDED_AVAILABILITY = YES_AGGRESSIVE;
				CLANG_WARN_UNREACHABLE_CODE = YES;
				CLANG_WARN__DUPLICATE_METHOD_MATCH = YES;
				COPY_PHASE_STRIP = NO;
				DEBUG_INFORMATION_FORMAT = "dwarf-with-dsym";
				ENABLE_NS_ASSERTIONS = NO;
				ENABLE_STRICT_OBJC_MSGSEND = YES;
				GCC_C_LANGUAGE_STANDARD = gnu11;
				GCC_NO_COMMON_BLOCKS = YES;
				GCC_WARN_64_TO_32_BIT_CONVERSION = YES;
				GCC_WARN_ABOUT_RETURN_TYPE = YES_ERROR;
				GCC_WARN_UNDECLARED_SELECTOR = YES;
				GCC_WARN_UNINITIALIZED_AUTOS = YES_AGGRESSIVE;
				GCC_WARN_UNUSED_FUNCTION = YES;
				GCC_WARN_UNUSED_VARIABLE = YES;
				IPHONEOS_DEPLOYMENT_TARGET = 16.2;
				MTL_ENABLE_DEBUG_INFO = NO;
				MTL_FAST_MATH = YES;
				SDKROOT = iphoneos;
				SWIFT_COMPILATION_MODE = wholemodule;
				SWIFT_OPTIMIZATION_LEVEL = "-O";
				VALIDATE_PRODUCT = YES;
			};
			name = Release;
		};
		AC493DA8296EA532001B8538 /* Debug */ = {
			isa = XCBuildConfiguration;
			buildSettings = {
				ASSETCATALOG_COMPILER_APPICON_NAME = AppIcon;
				ASSETCATALOG_COMPILER_GLOBAL_ACCENT_COLOR_NAME = AccentColor;
				CODE_SIGN_STYLE = Automatic;
				CURRENT_PROJECT_VERSION = 1;
				DEVELOPMENT_ASSET_PATHS = "\"IdeaBank/Preview Content\"";
				DEVELOPMENT_TEAM = MLWR3753W4;
				ENABLE_PREVIEWS = YES;
				GENERATE_INFOPLIST_FILE = YES;
				INFOPLIST_KEY_UIApplicationSceneManifest_Generation = YES;
				INFOPLIST_KEY_UIApplicationSupportsIndirectInputEvents = YES;
				INFOPLIST_KEY_UILaunchScreen_Generation = YES;
				INFOPLIST_KEY_UISupportedInterfaceOrientations_iPad = "UIInterfaceOrientationPortrait UIInterfaceOrientationPortraitUpsideDown UIInterfaceOrientationLandscapeLeft UIInterfaceOrientationLandscapeRight";
				INFOPLIST_KEY_UISupportedInterfaceOrientations_iPhone = "UIInterfaceOrientationPortrait UIInterfaceOrientationLandscapeLeft UIInterfaceOrientationLandscapeRight";
				LD_RUNPATH_SEARCH_PATHS = (
					"$(inherited)",
					"@executable_path/Frameworks",
				);
				MARKETING_VERSION = 1.0;
				PRODUCT_BUNDLE_IDENTIFIER = com.eireware.IdeaBank;
				PRODUCT_NAME = "$(TARGET_NAME)";
				SWIFT_EMIT_LOC_STRINGS = YES;
				SWIFT_VERSION = 5.0;
				TARGETED_DEVICE_FAMILY = "1,2";
			};
			name = Debug;
		};
		AC493DA9296EA532001B8538 /* Release */ = {
			isa = XCBuildConfiguration;
			buildSettings = {
				ASSETCATALOG_COMPILER_APPICON_NAME = AppIcon;
				ASSETCATALOG_COMPILER_GLOBAL_ACCENT_COLOR_NAME = AccentColor;
				CODE_SIGN_STYLE = Automatic;
				CURRENT_PROJECT_VERSION = 1;
				DEVELOPMENT_ASSET_PATHS = "\"IdeaBank/Preview Content\"";
				DEVELOPMENT_TEAM = MLWR3753W4;
				ENABLE_PREVIEWS = YES;
				GENERATE_INFOPLIST_FILE = YES;
				INFOPLIST_KEY_UIApplicationSceneManifest_Generation = YES;
				INFOPLIST_KEY_UIApplicationSupportsIndirectInputEvents = YES;
				INFOPLIST_KEY_UILaunchScreen_Generation = YES;
				INFOPLIST_KEY_UISupportedInterfaceOrientations_iPad = "UIInterfaceOrientationPortrait UIInterfaceOrientationPortraitUpsideDown UIInterfaceOrientationLandscapeLeft UIInterfaceOrientationLandscapeRight";
				INFOPLIST_KEY_UISupportedInterfaceOrientations_iPhone = "UIInterfaceOrientationPortrait UIInterfaceOrientationLandscapeLeft UIInterfaceOrientationLandscapeRight";
				LD_RUNPATH_SEARCH_PATHS = (
					"$(inherited)",
					"@executable_path/Frameworks",
				);
				MARKETING_VERSION = 1.0;
				PRODUCT_BUNDLE_IDENTIFIER = com.eireware.IdeaBank;
				PRODUCT_NAME = "$(TARGET_NAME)";
				SWIFT_EMIT_LOC_STRINGS = YES;
				SWIFT_VERSION = 5.0;
				TARGETED_DEVICE_FAMILY = "1,2";
			};
			name = Release;
		};
/* End XCBuildConfiguration section */

/* Begin XCConfigurationList section */
		AC493D94296EA531001B8538 /* Build configuration list for PBXProject "IdeaBank" */ = {
			isa = XCConfigurationList;
			buildConfigurations = (
				AC493DA5296EA532001B8538 /* Debug */,
				AC493DA6296EA532001B8538 /* Release */,
			);
			defaultConfigurationIsVisible = 0;
			defaultConfigurationName = Release;
		};
		AC493DA7296EA532001B8538 /* Build configuration list for PBXNativeTarget "IdeaBank" */ = {
			isa = XCConfigurationList;
			buildConfigurations = (
				AC493DA8296EA532001B8538 /* Debug */,
				AC493DA9296EA532001B8538 /* Release */,
			);
			defaultConfigurationIsVisible = 0;
			defaultConfigurationName = Release;
		};
/* End XCConfigurationList section */
	};
	rootObject = AC493D91296EA531001B8538 /* Project object */;
}
