// !$*UTF8*$!
{
	archiveVersion = 1;
	classes = {
	};
	objectVersion = 56;
	objects = {

/* Begin PBXBuildFile section */
		4C43B0CE296F0BEE003FE504 /* Word.swift in Sources */ = {isa = PBXBuildFile; fileRef = 4C43B0CD296F0BEE003FE504 /* Word.swift */; };
		4C98BDE5297534780050519D /* ViewModel.swift in Sources */ = {isa = PBXBuildFile; fileRef = 4C98BDE4297534780050519D /* ViewModel.swift */; };
		4C98BDE7297538370050519D /* StackCardView.swift in Sources */ = {isa = PBXBuildFile; fileRef = 4C98BDE6297538370050519D /* StackCardView.swift */; };
		4CC36A472975AC6500269953 /* PhaseOneMainView.swift in Sources */ = {isa = PBXBuildFile; fileRef = 4CC36A462975AC6500269953 /* PhaseOneMainView.swift */; };
		4CC36A492975AE3F00269953 /* GridView.swift in Sources */ = {isa = PBXBuildFile; fileRef = 4CC36A482975AE3F00269953 /* GridView.swift */; };
		88216BB629772B49004615BB /* ThinContainer.swift in Sources */ = {isa = PBXBuildFile; fileRef = 88216BB529772B49004615BB /* ThinContainer.swift */; };
		88216BBA29772F00004615BB /* Header.swift in Sources */ = {isa = PBXBuildFile; fileRef = 88216BB929772F00004615BB /* Header.swift */; };
		88216BBE29774447004615BB /* Card.swift in Sources */ = {isa = PBXBuildFile; fileRef = 88216BBD29774447004615BB /* Card.swift */; };
		88216BC0297837AA004615BB /* ColorExtension.swift in Sources */ = {isa = PBXBuildFile; fileRef = 88216BBF297837AA004615BB /* ColorExtension.swift */; };
		88216BC2297841DA004615BB /* CompactWord.swift in Sources */ = {isa = PBXBuildFile; fileRef = 88216BC1297841DA004615BB /* CompactWord.swift */; };
		AA2985F229706EA200196733 /* IdeaAtCheckoutView.swift in Sources */ = {isa = PBXBuildFile; fileRef = AA2985F129706EA200196733 /* IdeaAtCheckoutView.swift */; };
		AA3100FF297ED8AD00955F55 /* PhaseThreeMainView.swift in Sources */ = {isa = PBXBuildFile; fileRef = AA3100FE297ED8AD00955F55 /* PhaseThreeMainView.swift */; };
		AA3DA67929896CCA00FB7981 /* PhaseZeroMainView.swift in Sources */ = {isa = PBXBuildFile; fileRef = AA3DA67829896CCA00FB7981 /* PhaseZeroMainView.swift */; };
		AA4FA5F12971B3A0007A0D84 /* Idea.swift in Sources */ = {isa = PBXBuildFile; fileRef = AA4FA5F02971B3A0007A0D84 /* Idea.swift */; };
		AAB3C26B29897DCF004EE89E /* SavedIdea.swift in Sources */ = {isa = PBXBuildFile; fileRef = AAB3C26A29897DCF004EE89E /* SavedIdea.swift */; };
		AC493D9D296EA531001B8538 /* IdeaBankApp.swift in Sources */ = {isa = PBXBuildFile; fileRef = AC493D9C296EA531001B8538 /* IdeaBankApp.swift */; };
		AC493DA1296EA532001B8538 /* Assets.xcassets in Resources */ = {isa = PBXBuildFile; fileRef = AC493DA0296EA532001B8538 /* Assets.xcassets */; };
		AC493DA4296EA532001B8538 /* Preview Assets.xcassets in Resources */ = {isa = PBXBuildFile; fileRef = AC493DA3296EA532001B8538 /* Preview Assets.xcassets */; };
		AC870948296F20EC00E5EA23 /* PhaseTwoMainView.swift in Sources */ = {isa = PBXBuildFile; fileRef = AC870947296F20EC00E5EA23 /* PhaseTwoMainView.swift */; };
		AC874E27298027F0003EA045 /* IdeaDatabase.xcdatamodeld in Sources */ = {isa = PBXBuildFile; fileRef = AC874E25298027F0003EA045 /* IdeaDatabase.xcdatamodeld */; };
		AC874E2A29802924003EA045 /* PersistenceManager.swift in Sources */ = {isa = PBXBuildFile; fileRef = AC874E2929802924003EA045 /* PersistenceManager.swift */; };
		ACCBEA302976AD0300D4A72C /* (null) in Sources */ = {isa = PBXBuildFile; };
		ACCBEA312976D74600D4A72C /* ContentView.swift in Sources */ = {isa = PBXBuildFile; fileRef = AC493D9E296EA531001B8538 /* ContentView.swift */; };
/* End PBXBuildFile section */

/* Begin PBXFileReference section */
		4C43B0CD296F0BEE003FE504 /* Word.swift */ = {isa = PBXFileReference; lastKnownFileType = sourcecode.swift; path = Word.swift; sourceTree = "<group>"; };
		4C98BDE4297534780050519D /* ViewModel.swift */ = {isa = PBXFileReference; lastKnownFileType = sourcecode.swift; path = ViewModel.swift; sourceTree = "<group>"; };
		4C98BDE6297538370050519D /* StackCardView.swift */ = {isa = PBXFileReference; lastKnownFileType = sourcecode.swift; path = StackCardView.swift; sourceTree = "<group>"; };
		4CC36A462975AC6500269953 /* PhaseOneMainView.swift */ = {isa = PBXFileReference; lastKnownFileType = sourcecode.swift; path = PhaseOneMainView.swift; sourceTree = "<group>"; };
		4CC36A482975AE3F00269953 /* GridView.swift */ = {isa = PBXFileReference; lastKnownFileType = sourcecode.swift; path = GridView.swift; sourceTree = "<group>"; };
		4CDF513929784A5700A71EE1 /* Info.plist */ = {isa = PBXFileReference; lastKnownFileType = text.plist.xml; path = Info.plist; sourceTree = "<group>"; };
		88216BB529772B49004615BB /* ThinContainer.swift */ = {isa = PBXFileReference; lastKnownFileType = sourcecode.swift; path = ThinContainer.swift; sourceTree = "<group>"; };
		88216BB929772F00004615BB /* Header.swift */ = {isa = PBXFileReference; lastKnownFileType = sourcecode.swift; path = Header.swift; sourceTree = "<group>"; };
		88216BBD29774447004615BB /* Card.swift */ = {isa = PBXFileReference; lastKnownFileType = sourcecode.swift; path = Card.swift; sourceTree = "<group>"; };
		88216BBF297837AA004615BB /* ColorExtension.swift */ = {isa = PBXFileReference; lastKnownFileType = sourcecode.swift; path = ColorExtension.swift; sourceTree = "<group>"; };
		88216BC1297841DA004615BB /* CompactWord.swift */ = {isa = PBXFileReference; lastKnownFileType = sourcecode.swift; path = CompactWord.swift; sourceTree = "<group>"; };
		AA2985F129706EA200196733 /* IdeaAtCheckoutView.swift */ = {isa = PBXFileReference; lastKnownFileType = sourcecode.swift; path = IdeaAtCheckoutView.swift; sourceTree = "<group>"; };
		AA3100FE297ED8AD00955F55 /* PhaseThreeMainView.swift */ = {isa = PBXFileReference; lastKnownFileType = sourcecode.swift; path = PhaseThreeMainView.swift; sourceTree = "<group>"; };
		AA3DA67829896CCA00FB7981 /* PhaseZeroMainView.swift */ = {isa = PBXFileReference; lastKnownFileType = sourcecode.swift; path = PhaseZeroMainView.swift; sourceTree = "<group>"; };
		AA4FA5F02971B3A0007A0D84 /* Idea.swift */ = {isa = PBXFileReference; lastKnownFileType = sourcecode.swift; path = Idea.swift; sourceTree = "<group>"; };
		AAB3C26A29897DCF004EE89E /* SavedIdea.swift */ = {isa = PBXFileReference; lastKnownFileType = sourcecode.swift; name = SavedIdea.swift; path = IdeaBank/Views/PhaseZero/SavedIdea.swift; sourceTree = SOURCE_ROOT; };
		AC493D99296EA531001B8538 /* IdeaBank.app */ = {isa = PBXFileReference; explicitFileType = wrapper.application; includeInIndex = 0; path = IdeaBank.app; sourceTree = BUILT_PRODUCTS_DIR; };
		AC493D9C296EA531001B8538 /* IdeaBankApp.swift */ = {isa = PBXFileReference; lastKnownFileType = sourcecode.swift; path = IdeaBankApp.swift; sourceTree = "<group>"; };
		AC493D9E296EA531001B8538 /* ContentView.swift */ = {isa = PBXFileReference; lastKnownFileType = sourcecode.swift; path = ContentView.swift; sourceTree = "<group>"; };
		AC493DA0296EA532001B8538 /* Assets.xcassets */ = {isa = PBXFileReference; lastKnownFileType = folder.assetcatalog; path = Assets.xcassets; sourceTree = "<group>"; };
		AC493DA3296EA532001B8538 /* Preview Assets.xcassets */ = {isa = PBXFileReference; lastKnownFileType = folder.assetcatalog; path = "Preview Assets.xcassets"; sourceTree = "<group>"; };
		AC870947296F20EC00E5EA23 /* PhaseTwoMainView.swift */ = {isa = PBXFileReference; lastKnownFileType = sourcecode.swift; path = PhaseTwoMainView.swift; sourceTree = "<group>"; };
		AC874E26298027F0003EA045 /* WordDatabase.xcdatamodel */ = {isa = PBXFileReference; lastKnownFileType = wrapper.xcdatamodel; path = WordDatabase.xcdatamodel; sourceTree = "<group>"; };
		AC874E2929802924003EA045 /* PersistenceManager.swift */ = {isa = PBXFileReference; lastKnownFileType = sourcecode.swift; path = PersistenceManager.swift; sourceTree = "<group>"; };
/* End PBXFileReference section */

/* Begin PBXFrameworksBuildPhase section */
		AC493D96296EA531001B8538 /* Frameworks */ = {
			isa = PBXFrameworksBuildPhase;
			buildActionMask = 2147483647;
			files = (
			);
			runOnlyForDeploymentPostprocessing = 0;
		};
/* End PBXFrameworksBuildPhase section */

/* Begin PBXGroup section */
		4C43B0CC296F0BD7003FE504 /* Model */ = {
			isa = PBXGroup;
			children = (
				4C43B0CD296F0BEE003FE504 /* Word.swift */,
				AA4FA5F02971B3A0007A0D84 /* Idea.swift */,
			);
			path = Model;
			sourceTree = "<group>";
		};
		4C43B0CF296F0C67003FE504 /* Views */ = {
			isa = PBXGroup;
			children = (
				AAB3C26929897D8B004EE89E /* PhaseZero */,
				AC874E22298026B2003EA045 /* PhaseOne */,
				AC874E23298026D9003EA045 /* PhaseTwo */,
				AC874E24298026DF003EA045 /* PhaseThree */,
				4CC36A482975AE3F00269953 /* GridView.swift */,
			);
			path = Views;
			sourceTree = "<group>";
		};
		4C98BDE3297534660050519D /* ViewModel */ = {
			isa = PBXGroup;
			children = (
				4C98BDE4297534780050519D /* ViewModel.swift */,
			);
			path = ViewModel;
			sourceTree = "<group>";
		};
		AAB3C26829897D27004EE89E /* Not Needed */ = {
			isa = PBXGroup;
			children = (
				AC493D9E296EA531001B8538 /* ContentView.swift */,
			);
			path = "Not Needed";
			sourceTree = "<group>";
		};
		AAB3C26929897D8B004EE89E /* PhaseZero */ = {
			isa = PBXGroup;
			children = (
				AA3DA67829896CCA00FB7981 /* PhaseZeroMainView.swift */,
				AAB3C26A29897DCF004EE89E /* SavedIdea.swift */,
			);
			path = PhaseZero;
			sourceTree = "<group>";
		};
		AC493D90296EA531001B8538 = {
			isa = PBXGroup;
			children = (
				AC493D9B296EA531001B8538 /* IdeaBank */,
				AC493D9A296EA531001B8538 /* Products */,
			);
			sourceTree = "<group>";
		};
		AC493D9A296EA531001B8538 /* Products */ = {
			isa = PBXGroup;
			children = (
				AC493D99296EA531001B8538 /* IdeaBank.app */,
			);
			name = Products;
			sourceTree = "<group>";
		};
		AC493D9B296EA531001B8538 /* IdeaBank */ = {
			isa = PBXGroup;
			children = (
				4CDF513929784A5700A71EE1 /* Info.plist */,
				AC493D9C296EA531001B8538 /* IdeaBankApp.swift */,
				AAB3C26829897D27004EE89E /* Not Needed */,
				ACD47AE22976DD6800B5068B /* Components */,
				4C98BDE3297534660050519D /* ViewModel */,
				4C43B0CF296F0C67003FE504 /* Views */,
				4C43B0CC296F0BD7003FE504 /* Model */,
				AC874E2829802912003EA045 /* Storage */,
				AC493DA0296EA532001B8538 /* Assets.xcassets */,
				AC493DA2296EA532001B8538 /* Preview Content */,
			);
			path = IdeaBank;
			sourceTree = "<group>";
		};
		AC493DA2296EA532001B8538 /* Preview Content */ = {
			isa = PBXGroup;
			children = (
				AC493DA3296EA532001B8538 /* Preview Assets.xcassets */,
			);
			path = "Preview Content";
			sourceTree = "<group>";
		};
		AC874E22298026B2003EA045 /* PhaseOne */ = {
			isa = PBXGroup;
			children = (
				4C98BDE6297538370050519D /* StackCardView.swift */,
				4CC36A462975AC6500269953 /* PhaseOneMainView.swift */,
			);
			path = PhaseOne;
			sourceTree = "<group>";
		};
		AC874E23298026D9003EA045 /* PhaseTwo */ = {
			isa = PBXGroup;
			children = (
				AC870947296F20EC00E5EA23 /* PhaseTwoMainView.swift */,
			);
			path = PhaseTwo;
			sourceTree = "<group>";
		};
		AC874E24298026DF003EA045 /* PhaseThree */ = {
			isa = PBXGroup;
			children = (
				AA3100FE297ED8AD00955F55 /* PhaseThreeMainView.swift */,
				AA2985F129706EA200196733 /* IdeaAtCheckoutView.swift */,
			);
			path = PhaseThree;
			sourceTree = "<group>";
		};
		AC874E2829802912003EA045 /* Storage */ = {
			isa = PBXGroup;
			children = (
				AC874E25298027F0003EA045 /* IdeaDatabase.xcdatamodeld */,
				AC874E2929802924003EA045 /* PersistenceManager.swift */,
			);
			path = Storage;
			sourceTree = "<group>";
		};
		ACD47AE22976DD6800B5068B /* Components */ = {
			isa = PBXGroup;
			children = (
				88216BC1297841DA004615BB /* CompactWord.swift */,
				88216BBD29774447004615BB /* Card.swift */,
				88216BB529772B49004615BB /* ThinContainer.swift */,
				88216BB929772F00004615BB /* Header.swift */,
				88216BBF297837AA004615BB /* ColorExtension.swift */,
			);
			path = Components;
			sourceTree = "<group>";
		};
/* End PBXGroup section */

/* Begin PBXNativeTarget section */
		AC493D98296EA531001B8538 /* IdeaBank */ = {
			isa = PBXNativeTarget;
			buildConfigurationList = AC493DA7296EA532001B8538 /* Build configuration list for PBXNativeTarget "IdeaBank" */;
			buildPhases = (
				AC493D95296EA531001B8538 /* Sources */,
				AC493D96296EA531001B8538 /* Frameworks */,
				AC493D97296EA531001B8538 /* Resources */,
				4C3F12ED297043AA009F5126 /* ShellScript */,
			);
			buildRules = (
			);
			dependencies = (
			);
			name = IdeaBank;
			productName = IdeaBank;
			productReference = AC493D99296EA531001B8538 /* IdeaBank.app */;
			productType = "com.apple.product-type.application";
		};
/* End PBXNativeTarget section */

/* Begin PBXProject section */
		AC493D91296EA531001B8538 /* Project object */ = {
			isa = PBXProject;
			attributes = {
				BuildIndependentTargetsInParallel = 1;
				LastSwiftUpdateCheck = 1420;
				LastUpgradeCheck = 1420;
				TargetAttributes = {
					AC493D98296EA531001B8538 = {
						CreatedOnToolsVersion = 14.2;
					};
				};
			};
			buildConfigurationList = AC493D94296EA531001B8538 /* Build configuration list for PBXProject "IdeaBank" */;
			compatibilityVersion = "Xcode 14.0";
			developmentRegion = en;
			hasScannedForEncodings = 0;
			knownRegions = (
				en,
				Base,
			);
			mainGroup = AC493D90296EA531001B8538;
			productRefGroup = AC493D9A296EA531001B8538 /* Products */;
			projectDirPath = "";
			projectRoot = "";
			targets = (
				AC493D98296EA531001B8538 /* IdeaBank */,
			);
		};
/* End PBXProject section */

/* Begin PBXResourcesBuildPhase section */
		AC493D97296EA531001B8538 /* Resources */ = {
			isa = PBXResourcesBuildPhase;
			buildActionMask = 2147483647;
			files = (
				AC493DA4296EA532001B8538 /* Preview Assets.xcassets in Resources */,
				AC493DA1296EA532001B8538 /* Assets.xcassets in Resources */,
			);
			runOnlyForDeploymentPostprocessing = 0;
		};
/* End PBXResourcesBuildPhase section */

/* Begin PBXShellScriptBuildPhase section */
		4C3F12ED297043AA009F5126 /* ShellScript */ = {
			isa = PBXShellScriptBuildPhase;
			alwaysOutOfDate = 1;
			buildActionMask = 2147483647;
			files = (
			);
			inputFileListPaths = (
			);
			inputPaths = (
			);
			outputFileListPaths = (
			);
			outputPaths = (
			);
			runOnlyForDeploymentPostprocessing = 0;
			shellPath = /bin/sh;
			shellScript = "#export PATH=\"$PATH:/opt/homebrew/bin\"\n#if which swiftlint > /dev/null; then\n  #swiftlint\n#else\n  #echo \"warning: SwiftLint not installed, download from #https://github.com/realm/SwiftLint\"\n#fi \n";
		};
/* End PBXShellScriptBuildPhase section */

/* Begin PBXSourcesBuildPhase section */
		AC493D95296EA531001B8538 /* Sources */ = {
			isa = PBXSourcesBuildPhase;
			buildActionMask = 2147483647;
			files = (
				4CC36A472975AC6500269953 /* PhaseOneMainView.swift in Sources */,
				4C98BDE5297534780050519D /* ViewModel.swift in Sources */,
				4C43B0CE296F0BEE003FE504 /* Word.swift in Sources */,
				AA3DA67929896CCA00FB7981 /* PhaseZeroMainView.swift in Sources */,
				ACCBEA302976AD0300D4A72C /* (null) in Sources */,
				4CC36A492975AE3F00269953 /* GridView.swift in Sources */,
				AC874E2A29802924003EA045 /* PersistenceManager.swift in Sources */,
				AA4FA5F12971B3A0007A0D84 /* Idea.swift in Sources */,
				ACCBEA312976D74600D4A72C /* ContentView.swift in Sources */,
				AC874E27298027F0003EA045 /* IdeaDatabase.xcdatamodeld in Sources */,
				AC493D9D296EA531001B8538 /* IdeaBankApp.swift in Sources */,
				88216BBA29772F00004615BB /* Header.swift in Sources */,
				AC870948296F20EC00E5EA23 /* PhaseTwoMainView.swift in Sources */,
				88216BC0297837AA004615BB /* ColorExtension.swift in Sources */,
				AA3100FF297ED8AD00955F55 /* PhaseThreeMainView.swift in Sources */,
				4C98BDE7297538370050519D /* StackCardView.swift in Sources */,
				88216BB629772B49004615BB /* ThinContainer.swift in Sources */,
				AAB3C26B29897DCF004EE89E /* SavedIdea.swift in Sources */,
				88216BC2297841DA004615BB /* CompactWord.swift in Sources */,
				88216BBE29774447004615BB /* Card.swift in Sources */,
				AA2985F229706EA200196733 /* IdeaAtCheckoutView.swift in Sources */,
			);
			runOnlyForDeploymentPostprocessing = 0;
		};
/* End PBXSourcesBuildPhase section */

/* Begin XCBuildConfiguration section */
		AC493DA5296EA532001B8538 /* Debug */ = {
			isa = XCBuildConfiguration;
			buildSettings = {
				ALWAYS_SEARCH_USER_PATHS = NO;
				CLANG_ANALYZER_NONNULL = YES;
				CLANG_ANALYZER_NUMBER_OBJECT_CONVERSION = YES_AGGRESSIVE;
				CLANG_CXX_LANGUAGE_STANDARD = "gnu++20";
				CLANG_ENABLE_MODULES = YES;
				CLANG_ENABLE_OBJC_ARC = YES;
				CLANG_ENABLE_OBJC_WEAK = YES;
				CLANG_WARN_BLOCK_CAPTURE_AUTORELEASING = YES;
				CLANG_WARN_BOOL_CONVERSION = YES;
				CLANG_WARN_COMMA = YES;
				CLANG_WARN_CONSTANT_CONVERSION = YES;
				CLANG_WARN_DEPRECATED_OBJC_IMPLEMENTATIONS = YES;
				CLANG_WARN_DIRECT_OBJC_ISA_USAGE = YES_ERROR;
				CLANG_WARN_DOCUMENTATION_COMMENTS = YES;
				CLANG_WARN_EMPTY_BODY = YES;
				CLANG_WARN_ENUM_CONVERSION = YES;
				CLANG_WARN_INFINITE_RECURSION = YES;
				CLANG_WARN_INT_CONVERSION = YES;
				CLANG_WARN_NON_LITERAL_NULL_CONVERSION = YES;
				CLANG_WARN_OBJC_IMPLICIT_RETAIN_SELF = YES;
				CLANG_WARN_OBJC_LITERAL_CONVERSION = YES;
				CLANG_WARN_OBJC_ROOT_CLASS = YES_ERROR;
				CLANG_WARN_QUOTED_INCLUDE_IN_FRAMEWORK_HEADER = YES;
				CLANG_WARN_RANGE_LOOP_ANALYSIS = YES;
				CLANG_WARN_STRICT_PROTOTYPES = YES;
				CLANG_WARN_SUSPICIOUS_MOVE = YES;
				CLANG_WARN_UNGUARDED_AVAILABILITY = YES_AGGRESSIVE;
				CLANG_WARN_UNREACHABLE_CODE = YES;
				CLANG_WARN__DUPLICATE_METHOD_MATCH = YES;
				COPY_PHASE_STRIP = NO;
				DEBUG_INFORMATION_FORMAT = dwarf;
				ENABLE_STRICT_OBJC_MSGSEND = YES;
				ENABLE_TESTABILITY = YES;
				GCC_C_LANGUAGE_STANDARD = gnu11;
				GCC_DYNAMIC_NO_PIC = NO;
				GCC_NO_COMMON_BLOCKS = YES;
				GCC_OPTIMIZATION_LEVEL = 0;
				GCC_PREPROCESSOR_DEFINITIONS = (
					"DEBUG=1",
					"$(inherited)",
				);
				GCC_WARN_64_TO_32_BIT_CONVERSION = YES;
				GCC_WARN_ABOUT_RETURN_TYPE = YES_ERROR;
				GCC_WARN_UNDECLARED_SELECTOR = YES;
				GCC_WARN_UNINITIALIZED_AUTOS = YES_AGGRESSIVE;
				GCC_WARN_UNUSED_FUNCTION = YES;
				GCC_WARN_UNUSED_VARIABLE = YES;
				IPHONEOS_DEPLOYMENT_TARGET = 16.2;
				MTL_ENABLE_DEBUG_INFO = INCLUDE_SOURCE;
				MTL_FAST_MATH = YES;
				ONLY_ACTIVE_ARCH = YES;
				SDKROOT = iphoneos;
				SWIFT_ACTIVE_COMPILATION_CONDITIONS = DEBUG;
				SWIFT_OPTIMIZATION_LEVEL = "-Onone";
			};
			name = Debug;
		};
		AC493DA6296EA532001B8538 /* Release */ = {
			isa = XCBuildConfiguration;
			buildSettings = {
				ALWAYS_SEARCH_USER_PATHS = NO;
				CLANG_ANALYZER_NONNULL = YES;
				CLANG_ANALYZER_NUMBER_OBJECT_CONVERSION = YES_AGGRESSIVE;
				CLANG_CXX_LANGUAGE_STANDARD = "gnu++20";
				CLANG_ENABLE_MODULES = YES;
				CLANG_ENABLE_OBJC_ARC = YES;
				CLANG_ENABLE_OBJC_WEAK = YES;
				CLANG_WARN_BLOCK_CAPTURE_AUTORELEASING = YES;
				CLANG_WARN_BOOL_CONVERSION = YES;
				CLANG_WARN_COMMA = YES;
				CLANG_WARN_CONSTANT_CONVERSION = YES;
				CLANG_WARN_DEPRECATED_OBJC_IMPLEMENTATIONS = YES;
				CLANG_WARN_DIRECT_OBJC_ISA_USAGE = YES_ERROR;
				CLANG_WARN_DOCUMENTATION_COMMENTS = YES;
				CLANG_WARN_EMPTY_BODY = YES;
				CLANG_WARN_ENUM_CONVERSION = YES;
				CLANG_WARN_INFINITE_RECURSION = YES;
				CLANG_WARN_INT_CONVERSION = YES;
				CLANG_WARN_NON_LITERAL_NULL_CONVERSION = YES;
				CLANG_WARN_OBJC_IMPLICIT_RETAIN_SELF = YES;
				CLANG_WARN_OBJC_LITERAL_CONVERSION = YES;
				CLANG_WARN_OBJC_ROOT_CLASS = YES_ERROR;
				CLANG_WARN_QUOTED_INCLUDE_IN_FRAMEWORK_HEADER = YES;
				CLANG_WARN_RANGE_LOOP_ANALYSIS = YES;
				CLANG_WARN_STRICT_PROTOTYPES = YES;
				CLANG_WARN_SUSPICIOUS_MOVE = YES;
				CLANG_WARN_UNGUARDED_AVAILABILITY = YES_AGGRESSIVE;
				CLANG_WARN_UNREACHABLE_CODE = YES;
				CLANG_WARN__DUPLICATE_METHOD_MATCH = YES;
				COPY_PHASE_STRIP = NO;
				DEBUG_INFORMATION_FORMAT = "dwarf-with-dsym";
				ENABLE_NS_ASSERTIONS = NO;
				ENABLE_STRICT_OBJC_MSGSEND = YES;
				GCC_C_LANGUAGE_STANDARD = gnu11;
				GCC_NO_COMMON_BLOCKS = YES;
				GCC_WARN_64_TO_32_BIT_CONVERSION = YES;
				GCC_WARN_ABOUT_RETURN_TYPE = YES_ERROR;
				GCC_WARN_UNDECLARED_SELECTOR = YES;
				GCC_WARN_UNINITIALIZED_AUTOS = YES_AGGRESSIVE;
				GCC_WARN_UNUSED_FUNCTION = YES;
				GCC_WARN_UNUSED_VARIABLE = YES;
				IPHONEOS_DEPLOYMENT_TARGET = 16.2;
				MTL_ENABLE_DEBUG_INFO = NO;
				MTL_FAST_MATH = YES;
				SDKROOT = iphoneos;
				SWIFT_COMPILATION_MODE = wholemodule;
				SWIFT_OPTIMIZATION_LEVEL = "-O";
				VALIDATE_PRODUCT = YES;
			};
			name = Release;
		};
		AC493DA8296EA532001B8538 /* Debug */ = {
			isa = XCBuildConfiguration;
			buildSettings = {
				ASSETCATALOG_COMPILER_APPICON_NAME = AppIcon;
				ASSETCATALOG_COMPILER_GLOBAL_ACCENT_COLOR_NAME = AccentColor;
				CODE_SIGN_STYLE = Automatic;
				CURRENT_PROJECT_VERSION = 1;
				DEVELOPMENT_ASSET_PATHS = "\"IdeaBank/Preview Content\"";
				DEVELOPMENT_TEAM = GK876HMNDW;
				ENABLE_PREVIEWS = YES;
				GENERATE_INFOPLIST_FILE = YES;
				INFOPLIST_FILE = IdeaBank/Info.plist;
				INFOPLIST_KEY_UIApplicationSupportsIndirectInputEvents = YES;
				INFOPLIST_KEY_UILaunchScreen_Generation = YES;
				INFOPLIST_KEY_UISupportedInterfaceOrientations_iPad = "UIInterfaceOrientationPortrait UIInterfaceOrientationPortraitUpsideDown UIInterfaceOrientationLandscapeLeft UIInterfaceOrientationLandscapeRight";
				INFOPLIST_KEY_UISupportedInterfaceOrientations_iPhone = "UIInterfaceOrientationPortrait UIInterfaceOrientationLandscapeLeft UIInterfaceOrientationLandscapeRight";
				IPHONEOS_DEPLOYMENT_TARGET = 16.2;
				LD_RUNPATH_SEARCH_PATHS = (
					"$(inherited)",
					"@executable_path/Frameworks",
				);
				MARKETING_VERSION = 1.0;
				PRODUCT_BUNDLE_IDENTIFIER = com.eireware.IdeaBank;
				PRODUCT_NAME = "$(TARGET_NAME)";
				SWIFT_EMIT_LOC_STRINGS = YES;
				SWIFT_VERSION = 5.0;
				TARGETED_DEVICE_FAMILY = "1,2";
			};
			name = Debug;
		};
		AC493DA9296EA532001B8538 /* Release */ = {
			isa = XCBuildConfiguration;
			buildSettings = {
				ASSETCATALOG_COMPILER_APPICON_NAME = AppIcon;
				ASSETCATALOG_COMPILER_GLOBAL_ACCENT_COLOR_NAME = AccentColor;
				CODE_SIGN_STYLE = Automatic;
				CURRENT_PROJECT_VERSION = 1;
				DEVELOPMENT_ASSET_PATHS = "\"IdeaBank/Preview Content\"";
				DEVELOPMENT_TEAM = GK876HMNDW;
				ENABLE_PREVIEWS = YES;
				GENERATE_INFOPLIST_FILE = YES;
				INFOPLIST_FILE = IdeaBank/Info.plist;
				INFOPLIST_KEY_UIApplicationSupportsIndirectInputEvents = YES;
				INFOPLIST_KEY_UILaunchScreen_Generation = YES;
				INFOPLIST_KEY_UISupportedInterfaceOrientations_iPad = "UIInterfaceOrientationPortrait UIInterfaceOrientationPortraitUpsideDown UIInterfaceOrientationLandscapeLeft UIInterfaceOrientationLandscapeRight";
				INFOPLIST_KEY_UISupportedInterfaceOrientations_iPhone = "UIInterfaceOrientationPortrait UIInterfaceOrientationLandscapeLeft UIInterfaceOrientationLandscapeRight";
				IPHONEOS_DEPLOYMENT_TARGET = 16.2;
				LD_RUNPATH_SEARCH_PATHS = (
					"$(inherited)",
					"@executable_path/Frameworks",
				);
				MARKETING_VERSION = 1.0;
				PRODUCT_BUNDLE_IDENTIFIER = com.eireware.IdeaBank;
				PRODUCT_NAME = "$(TARGET_NAME)";
				SWIFT_EMIT_LOC_STRINGS = YES;
				SWIFT_VERSION = 5.0;
				TARGETED_DEVICE_FAMILY = "1,2";
			};
			name = Release;
		};
/* End XCBuildConfiguration section */

/* Begin XCConfigurationList section */
		AC493D94296EA531001B8538 /* Build configuration list for PBXProject "IdeaBank" */ = {
			isa = XCConfigurationList;
			buildConfigurations = (
				AC493DA5296EA532001B8538 /* Debug */,
				AC493DA6296EA532001B8538 /* Release */,
			);
			defaultConfigurationIsVisible = 0;
			defaultConfigurationName = Release;
		};
		AC493DA7296EA532001B8538 /* Build configuration list for PBXNativeTarget "IdeaBank" */ = {
			isa = XCConfigurationList;
			buildConfigurations = (
				AC493DA8296EA532001B8538 /* Debug */,
				AC493DA9296EA532001B8538 /* Release */,
			);
			defaultConfigurationIsVisible = 0;
			defaultConfigurationName = Release;
		};
/* End XCConfigurationList section */

/* Begin XCVersionGroup section */
		AC874E25298027F0003EA045 /* IdeaDatabase.xcdatamodeld */ = {
			isa = XCVersionGroup;
			children = (
				AC874E26298027F0003EA045 /* WordDatabase.xcdatamodel */,
			);
			currentVersion = AC874E26298027F0003EA045 /* WordDatabase.xcdatamodel */;
			path = IdeaDatabase.xcdatamodeld;
			sourceTree = "<group>";
			versionGroupType = wrapper.xcdatamodel;
		};
/* End XCVersionGroup section */
	};
	rootObject = AC493D91296EA531001B8538 /* Project object */;
}
